
Microsoft Visual Studio Solution File, Format Version 12.00
# Visual Studio Version 17
VisualStudioVersion = 17.0.31903.59
MinimumVisualStudioVersion = 10.0.40219.1
Project("{FAE04EC0-301F-11D3-BF4B-00C04F79EFBC}") = "BackendInterop", "BackendInterop\BackendInterop.csproj", "{CCFD0A7A-5AF0-448C-B07F-C3F5BD2E3965}"
EndProject
Project("{FAE04EC0-301F-11D3-BF4B-00C04F79EFBC}") = "BackendInterop.Tests", "BackendInterop.Tests\BackendInterop.Tests.csproj", "{9C217900-8F3A-4653-9A94-E5791C81D32A}"
EndProject
Global
	GlobalSection(SolutionConfigurationPlatforms) = preSolution
		Debug|Any CPU = Debug|Any CPU
		Release|Any CPU = Release|Any CPU
	EndGlobalSection
	GlobalSection(SolutionProperties) = preSolution
		HideSolutionNode = FALSE
	EndGlobalSection
	GlobalSection(ProjectConfigurationPlatforms) = postSolution
		{CCFD0A7A-5AF0-448C-B07F-C3F5BD2E3965}.Debug|Any CPU.ActiveCfg = Debug|Any CPU
		{CCFD0A7A-5AF0-448C-B07F-C3F5BD2E3965}.Debug|Any CPU.Build.0 = Debug|Any CPU
		{CCFD0A7A-5AF0-448C-B07F-C3F5BD2E3965}.Release|Any CPU.ActiveCfg = Release|Any CPU
		{CCFD0A7A-5AF0-448C-B07F-C3F5BD2E3965}.Release|Any CPU.Build.0 = Release|Any CPU
		{9C217900-8F3A-4653-9A94-E5791C81D32A}.Debug|Any CPU.ActiveCfg = Debug|Any CPU
		{9C217900-8F3A-4653-9A94-E5791C81D32A}.Debug|Any CPU.Build.0 = Debug|Any CPU
		{9C217900-8F3A-4653-9A94-E5791C81D32A}.Release|Any CPU.ActiveCfg = Release|Any CPU
		{9C217900-8F3A-4653-9A94-E5791C81D32A}.Release|Any CPU.Build.0 = Release|Any CPU
	EndGlobalSection
EndGlobal
